
Microsoft Visual Studio Solution File, Format Version 12.00
# Visual Studio Version 17
VisualStudioVersion = 17.8.34601.278
MinimumVisualStudioVersion = 10.0.40219.1
Project("{FAE04EC0-301F-11D3-BF4B-00C04F79EFBC}") = "Purchase List", "Purchase List\Purchase List.csproj", "{D5E91579-47F1-4570-8750-5BF5ACD6A3CA}"
EndProject
Global
	GlobalSection(SolutionConfigurationPlatforms) = preSolution
		Debug|Any CPU = Debug|Any CPU
		Release|Any CPU = Release|Any CPU
	EndGlobalSection
	GlobalSection(ProjectConfigurationPlatforms) = postSolution
		{D5E91579-47F1-4570-8750-5BF5ACD6A3CA}.Debug|Any CPU.ActiveCfg = Debug|Any CPU
		{D5E91579-47F1-4570-8750-5BF5ACD6A3CA}.Debug|Any CPU.Build.0 = Debug|Any CPU
		{D5E91579-47F1-4570-8750-5BF5ACD6A3CA}.Release|Any CPU.ActiveCfg = Release|Any CPU
		{D5E91579-47F1-4570-8750-5BF5ACD6A3CA}.Release|Any CPU.Build.0 = Release|Any CPU
	EndGlobalSection
	GlobalSection(SolutionProperties) = preSolution
		HideSolutionNode = FALSE
	EndGlobalSection
	GlobalSection(ExtensibilityGlobals) = postSolution
		SolutionGuid = {71247E9E-8BF4-48A6-8423-949073DE89FD}
	EndGlobalSection
EndGlobal
