
Microsoft Visual Studio Solution File, Format Version 12.00
# Visual Studio Version 17
VisualStudioVersion = 17.8.34511.84
MinimumVisualStudioVersion = 10.0.40219.1
Project("{FAE04EC0-301F-11D3-BF4B-00C04F79EFBC}") = "Linq", "Linq\Linq.csproj", "{00062AEF-6239-4B33-A78E-5D3702F2A9C1}"
EndProject
Global
	GlobalSection(SolutionConfigurationPlatforms) = preSolution
		Debug|Any CPU = Debug|Any CPU
		Release|Any CPU = Release|Any CPU
	EndGlobalSection
	GlobalSection(ProjectConfigurationPlatforms) = postSolution
		{00062AEF-6239-4B33-A78E-5D3702F2A9C1}.Debug|Any CPU.ActiveCfg = Debug|Any CPU
		{00062AEF-6239-4B33-A78E-5D3702F2A9C1}.Debug|Any CPU.Build.0 = Debug|Any CPU
		{00062AEF-6239-4B33-A78E-5D3702F2A9C1}.Release|Any CPU.ActiveCfg = Release|Any CPU
		{00062AEF-6239-4B33-A78E-5D3702F2A9C1}.Release|Any CPU.Build.0 = Release|Any CPU
	EndGlobalSection
	GlobalSection(SolutionProperties) = preSolution
		HideSolutionNode = FALSE
	EndGlobalSection
	GlobalSection(ExtensibilityGlobals) = postSolution
		SolutionGuid = {1612AE63-3C89-4C6F-B936-315E5C4DF4BD}
	EndGlobalSection
EndGlobal
